
Microsoft Visual Studio Solution File, Format Version 12.00
# Visual Studio 14
VisualStudioVersion = 14.0.23107.0
MinimumVisualStudioVersion = 10.0.40219.1
Project("{FAE04EC0-301F-11D3-BF4B-00C04F79EFBC}") = "AR-54.Test", "AR-54.Test.Core\AR-54.Test.csproj", "{7CE714CC-29A6-4A87-8A14-D4262B1418F6}"
EndProject
Project("{FAE04EC0-301F-11D3-BF4B-00C04F79EFBC}") = "AR-54.Core.CSharp", "AR-54.Core.CSharp.csproj", "{9C7F6603-322B-A4D6-FF45-8E7CCF50BB40}"
EndProject
Global
	GlobalSection(SolutionConfigurationPlatforms) = preSolution
		Debug|Any CPU = Debug|Any CPU
		Release|Any CPU = Release|Any CPU
	EndGlobalSection
	GlobalSection(ProjectConfigurationPlatforms) = postSolution
		{7CE714CC-29A6-4A87-8A14-D4262B1418F6}.Debug|Any CPU.ActiveCfg = Debug|Any CPU
		{7CE714CC-29A6-4A87-8A14-D4262B1418F6}.Debug|Any CPU.Build.0 = Debug|Any CPU
		{7CE714CC-29A6-4A87-8A14-D4262B1418F6}.Release|Any CPU.ActiveCfg = Release|Any CPU
		{7CE714CC-29A6-4A87-8A14-D4262B1418F6}.Release|Any CPU.Build.0 = Release|Any CPU
		{9C7F6603-322B-A4D6-FF45-8E7CCF50BB40}.Debug|Any CPU.ActiveCfg = Debug|Any CPU
		{9C7F6603-322B-A4D6-FF45-8E7CCF50BB40}.Debug|Any CPU.Build.0 = Debug|Any CPU
		{9C7F6603-322B-A4D6-FF45-8E7CCF50BB40}.Release|Any CPU.ActiveCfg = Release|Any CPU
		{9C7F6603-322B-A4D6-FF45-8E7CCF50BB40}.Release|Any CPU.Build.0 = Release|Any CPU
	EndGlobalSection
	GlobalSection(SolutionProperties) = preSolution
		HideSolutionNode = FALSE
	EndGlobalSection
EndGlobal
